
Microsoft Visual Studio Solution File, Format Version 12.00
# Visual Studio Version 17
VisualStudioVersion = 17.6.33723.286
MinimumVisualStudioVersion = 10.0.40219.1
Project("{FAE04EC0-301F-11D3-BF4B-00C04F79EFBC}") = "RetailerAndTransaction", "RetailerAndTransaction\RetailerAndTransaction.csproj", "{45E958F3-BEB8-4DB8-8EFB-0DF28F917B82}"
EndProject
Global
	GlobalSection(SolutionConfigurationPlatforms) = preSolution
		Debug|Any CPU = Debug|Any CPU
		Release|Any CPU = Release|Any CPU
	EndGlobalSection
	GlobalSection(ProjectConfigurationPlatforms) = postSolution
		{45E958F3-BEB8-4DB8-8EFB-0DF28F917B82}.Debug|Any CPU.ActiveCfg = Debug|Any CPU
		{45E958F3-BEB8-4DB8-8EFB-0DF28F917B82}.Debug|Any CPU.Build.0 = Debug|Any CPU
		{45E958F3-BEB8-4DB8-8EFB-0DF28F917B82}.Release|Any CPU.ActiveCfg = Release|Any CPU
		{45E958F3-BEB8-4DB8-8EFB-0DF28F917B82}.Release|Any CPU.Build.0 = Release|Any CPU
	EndGlobalSection
	GlobalSection(SolutionProperties) = preSolution
		HideSolutionNode = FALSE
	EndGlobalSection
	GlobalSection(ExtensibilityGlobals) = postSolution
		SolutionGuid = {F904F803-499C-4375-BBFE-57120DB92D3B}
	EndGlobalSection
EndGlobal
